
Microsoft Visual Studio Solution File, Format Version 12.00
# Visual Studio Version 16
VisualStudioVersion = 16.0.29418.71
MinimumVisualStudioVersion = 10.0.40219.1
Project("{FAE04EC0-301F-11D3-BF4B-00C04F79EFBC}") = "31.uzd string array count first letters", "31.uzd string array count first letters\31.uzd string array count first letters.csproj", "{9AF9392B-190D-4330-90E2-0308A5425067}"
EndProject
Global
	GlobalSection(SolutionConfigurationPlatforms) = preSolution
		Debug|Any CPU = Debug|Any CPU
		Release|Any CPU = Release|Any CPU
	EndGlobalSection
	GlobalSection(ProjectConfigurationPlatforms) = postSolution
		{9AF9392B-190D-4330-90E2-0308A5425067}.Debug|Any CPU.ActiveCfg = Debug|Any CPU
		{9AF9392B-190D-4330-90E2-0308A5425067}.Debug|Any CPU.Build.0 = Debug|Any CPU
		{9AF9392B-190D-4330-90E2-0308A5425067}.Release|Any CPU.ActiveCfg = Release|Any CPU
		{9AF9392B-190D-4330-90E2-0308A5425067}.Release|Any CPU.Build.0 = Release|Any CPU
	EndGlobalSection
	GlobalSection(SolutionProperties) = preSolution
		HideSolutionNode = FALSE
	EndGlobalSection
	GlobalSection(ExtensibilityGlobals) = postSolution
		SolutionGuid = {B6DE1E30-33E1-444F-A4CF-DCBCB2EBE486}
	EndGlobalSection
EndGlobal
